Microsoft Visual Studio Solution File, Format Version 11.00
# Visual Studio 2008

Project("{1888256F-7B17-678C-B889-D44029AEF50A}") = "CyberStormProject", "Assembly-CSharp.csproj", "{F67FE3F1-B42C-E0A4-7CD6-D7EF4D76F1F1}"
EndProject
Global
	GlobalSection(SolutionConfigurationPlatforms) = preSolution
		Debug|Any CPU = Debug|Any CPU
		Release|Any CPU = Release|Any CPU
	EndGlobalSection
	GlobalSection(ProjectConfigurationPlatforms) = postSolution
		{F67FE3F1-B42C-E0A4-7CD6-D7EF4D76F1F1}.Debug|Any CPU.ActiveCfg = Debug|Any CPU
		{F67FE3F1-B42C-E0A4-7CD6-D7EF4D76F1F1}.Debug|Any CPU.Build.0 = Debug|Any CPU
		{F67FE3F1-B42C-E0A4-7CD6-D7EF4D76F1F1}.Release|Any CPU.ActiveCfg = Release|Any CPU
		{F67FE3F1-B42C-E0A4-7CD6-D7EF4D76F1F1}.Release|Any CPU.Build.0 = Release|Any CPU
	EndGlobalSection
	GlobalSection(SolutionProperties) = preSolution
		HideSolutionNode = FALSE
	EndGlobalSection
	GlobalSection(MonoDevelopProperties) = preSolution
		StartupItem = Assembly-CSharp.csproj
	EndGlobalSection
EndGlobal
